
Microsoft Visual Studio Solution File, Format Version 12.00
# Visual Studio Version 16
VisualStudioVersion = 16.0.31321.278
MinimumVisualStudioVersion = 10.0.40219.1
Project("{FAE04EC0-301F-11D3-BF4B-00C04F79EFBC}") = "OpenGLTutorial", "OpenGlTutorial\OpenGLTutorial.csproj", "{ADD5690C-7DD5-412F-AF99-3620C9F5BB45}"
EndProject
Global
	GlobalSection(SolutionConfigurationPlatforms) = preSolution
		Debug|Any CPU = Debug|Any CPU
		Release|Any CPU = Release|Any CPU
	EndGlobalSection
	GlobalSection(ProjectConfigurationPlatforms) = postSolution
		{ADD5690C-7DD5-412F-AF99-3620C9F5BB45}.Debug|Any CPU.ActiveCfg = Debug|Any CPU
		{ADD5690C-7DD5-412F-AF99-3620C9F5BB45}.Debug|Any CPU.Build.0 = Debug|Any CPU
		{ADD5690C-7DD5-412F-AF99-3620C9F5BB45}.Release|Any CPU.ActiveCfg = Release|Any CPU
		{ADD5690C-7DD5-412F-AF99-3620C9F5BB45}.Release|Any CPU.Build.0 = Release|Any CPU
	EndGlobalSection
	GlobalSection(SolutionProperties) = preSolution
		HideSolutionNode = FALSE
	EndGlobalSection
	GlobalSection(ExtensibilityGlobals) = postSolution
		SolutionGuid = {14BD1622-F8F0-443D-A544-405FED2B1A3B}
	EndGlobalSection
EndGlobal
